
Microsoft Visual Studio Solution File, Format Version 12.00
# Visual Studio Version 16
VisualStudioVersion = 16.0.28922.388
MinimumVisualStudioVersion = 10.0.40219.1
Project("{FAE04EC0-301F-11D3-BF4B-00C04F79EFBC}") = "SEDC.G2.Dapper.ConsoleApp", "SEDC.G2.Dapper.ConsoleApp\SEDC.G2.Dapper.ConsoleApp.csproj", "{EFD86F94-2213-466F-981F-2FA20A4C06FC}"
EndProject
Global
	GlobalSection(SolutionConfigurationPlatforms) = preSolution
		Debug|Any CPU = Debug|Any CPU
		Release|Any CPU = Release|Any CPU
	EndGlobalSection
	GlobalSection(ProjectConfigurationPlatforms) = postSolution
		{EFD86F94-2213-466F-981F-2FA20A4C06FC}.Debug|Any CPU.ActiveCfg = Debug|Any CPU
		{EFD86F94-2213-466F-981F-2FA20A4C06FC}.Debug|Any CPU.Build.0 = Debug|Any CPU
		{EFD86F94-2213-466F-981F-2FA20A4C06FC}.Release|Any CPU.ActiveCfg = Release|Any CPU
		{EFD86F94-2213-466F-981F-2FA20A4C06FC}.Release|Any CPU.Build.0 = Release|Any CPU
	EndGlobalSection
	GlobalSection(SolutionProperties) = preSolution
		HideSolutionNode = FALSE
	EndGlobalSection
	GlobalSection(ExtensibilityGlobals) = postSolution
		SolutionGuid = {F74EB64C-37BB-4DDC-AD27-6A08C22B2E01}
	EndGlobalSection
EndGlobal
