
Microsoft Visual Studio Solution File, Format Version 12.00
# Visual Studio 15
VisualStudioVersion = 15.0.28307.168
MinimumVisualStudioVersion = 10.0.40219.1
Project("{00D1A9C2-B5F0-4AF3-8072-F6C62B433612}") = "ToDo.Database", "ToDo.Database\ToDo.Database.sqlproj", "{B730719C-B893-4A9C-8665-CD2DBB1F449F}"
EndProject
Project("{FAE04EC0-301F-11D3-BF4B-00C04F79EFBC}") = "ToDo.ConsoleApp", "ToDo.ConsoleApp\ToDo.ConsoleApp.csproj", "{FF2F1679-EF32-4127-BBF7-DEE617363B2C}"
EndProject
Project("{9A19103F-16F7-4668-BE54-9A1E7A4F7556}") = "ToDo.DataLayer", "ToDo.DataLayer\ToDo.DataLayer.csproj", "{18A33FEC-60D9-4FD9-BF94-CA77B649E5B4}"
EndProject
Global
	GlobalSection(SolutionConfigurationPlatforms) = preSolution
		Debug|Any CPU = Debug|Any CPU
		Release|Any CPU = Release|Any CPU
	EndGlobalSection
	GlobalSection(ProjectConfigurationPlatforms) = postSolution
		{B730719C-B893-4A9C-8665-CD2DBB1F449F}.Debug|Any CPU.ActiveCfg = Debug|Any CPU
		{B730719C-B893-4A9C-8665-CD2DBB1F449F}.Debug|Any CPU.Build.0 = Debug|Any CPU
		{B730719C-B893-4A9C-8665-CD2DBB1F449F}.Debug|Any CPU.Deploy.0 = Debug|Any CPU
		{B730719C-B893-4A9C-8665-CD2DBB1F449F}.Release|Any CPU.ActiveCfg = Release|Any CPU
		{B730719C-B893-4A9C-8665-CD2DBB1F449F}.Release|Any CPU.Build.0 = Release|Any CPU
		{B730719C-B893-4A9C-8665-CD2DBB1F449F}.Release|Any CPU.Deploy.0 = Release|Any CPU
		{FF2F1679-EF32-4127-BBF7-DEE617363B2C}.Debug|Any CPU.ActiveCfg = Debug|Any CPU
		{FF2F1679-EF32-4127-BBF7-DEE617363B2C}.Debug|Any CPU.Build.0 = Debug|Any CPU
		{FF2F1679-EF32-4127-BBF7-DEE617363B2C}.Release|Any CPU.ActiveCfg = Release|Any CPU
		{FF2F1679-EF32-4127-BBF7-DEE617363B2C}.Release|Any CPU.Build.0 = Release|Any CPU
		{18A33FEC-60D9-4FD9-BF94-CA77B649E5B4}.Debug|Any CPU.ActiveCfg = Debug|Any CPU
		{18A33FEC-60D9-4FD9-BF94-CA77B649E5B4}.Debug|Any CPU.Build.0 = Debug|Any CPU
		{18A33FEC-60D9-4FD9-BF94-CA77B649E5B4}.Release|Any CPU.ActiveCfg = Release|Any CPU
		{18A33FEC-60D9-4FD9-BF94-CA77B649E5B4}.Release|Any CPU.Build.0 = Release|Any CPU
	EndGlobalSection
	GlobalSection(SolutionProperties) = preSolution
		HideSolutionNode = FALSE
	EndGlobalSection
	GlobalSection(ExtensibilityGlobals) = postSolution
		SolutionGuid = {E72A852A-1ECC-46E2-9F3B-4748B1196C9E}
	EndGlobalSection
EndGlobal
