
Microsoft Visual Studio Solution File, Format Version 12.00
# Visual Studio Version 16
VisualStudioVersion = 16.0.29009.5
MinimumVisualStudioVersion = 10.0.40219.1
Project("{2150E333-8FDC-42A3-9474-1A3956D46DE8}") = "ClassDD2", "ClassDD2", "{A491CBA7-EF4A-46E9-82C6-4308A7BF8EDD}"
EndProject
Project("{9A19103F-16F7-4668-BE54-9A1E7A4F7556}") = "Sedc.Todo04Solution.WebApp", "Sedc.Todo04Solution.WebApp\Sedc.Todo04Solution.WebApp.csproj", "{AB98F21B-A0DD-40C6-A645-97721BFCF6EC}"
EndProject
Project("{9A19103F-16F7-4668-BE54-9A1E7A4F7556}") = "Sedc.Todo04Solution.Repositories", "Sedc.Todo04Solution.Repositories\Sedc.Todo04Solution.Repositories.csproj", "{6C895AFD-5FB3-45AA-905D-875A5D45DD26}"
EndProject
Project("{9A19103F-16F7-4668-BE54-9A1E7A4F7556}") = "Sedc.Todo04Solution.Entities", "Sedc.Todo04Solution.Entities\Sedc.Todo04Solution.Entities.csproj", "{4A291878-73F8-4F81-8EE1-E84020EBB05E}"
EndProject
Project("{2150E333-8FDC-42A3-9474-1A3956D46DE8}") = "ClassDD1", "ClassDD1", "{3C8BD862-8A37-43A9-AD82-8DB6E5FD60A4}"
EndProject
Project("{9A19103F-16F7-4668-BE54-9A1E7A4F7556}") = "AdoNetDemo", "AdoNetDemo\AdoNetDemo.csproj", "{9322FE53-09D2-4CD9-ACD2-C68AE1DEDF21}"
EndProject
Global
	GlobalSection(SolutionConfigurationPlatforms) = preSolution
		Debug|Any CPU = Debug|Any CPU
		Release|Any CPU = Release|Any CPU
	EndGlobalSection
	GlobalSection(ProjectConfigurationPlatforms) = postSolution
		{AB98F21B-A0DD-40C6-A645-97721BFCF6EC}.Debug|Any CPU.ActiveCfg = Debug|Any CPU
		{AB98F21B-A0DD-40C6-A645-97721BFCF6EC}.Debug|Any CPU.Build.0 = Debug|Any CPU
		{AB98F21B-A0DD-40C6-A645-97721BFCF6EC}.Release|Any CPU.ActiveCfg = Release|Any CPU
		{AB98F21B-A0DD-40C6-A645-97721BFCF6EC}.Release|Any CPU.Build.0 = Release|Any CPU
		{6C895AFD-5FB3-45AA-905D-875A5D45DD26}.Debug|Any CPU.ActiveCfg = Debug|Any CPU
		{6C895AFD-5FB3-45AA-905D-875A5D45DD26}.Debug|Any CPU.Build.0 = Debug|Any CPU
		{6C895AFD-5FB3-45AA-905D-875A5D45DD26}.Release|Any CPU.ActiveCfg = Release|Any CPU
		{6C895AFD-5FB3-45AA-905D-875A5D45DD26}.Release|Any CPU.Build.0 = Release|Any CPU
		{4A291878-73F8-4F81-8EE1-E84020EBB05E}.Debug|Any CPU.ActiveCfg = Debug|Any CPU
		{4A291878-73F8-4F81-8EE1-E84020EBB05E}.Debug|Any CPU.Build.0 = Debug|Any CPU
		{4A291878-73F8-4F81-8EE1-E84020EBB05E}.Release|Any CPU.ActiveCfg = Release|Any CPU
		{4A291878-73F8-4F81-8EE1-E84020EBB05E}.Release|Any CPU.Build.0 = Release|Any CPU
		{9322FE53-09D2-4CD9-ACD2-C68AE1DEDF21}.Debug|Any CPU.ActiveCfg = Debug|Any CPU
		{9322FE53-09D2-4CD9-ACD2-C68AE1DEDF21}.Debug|Any CPU.Build.0 = Debug|Any CPU
		{9322FE53-09D2-4CD9-ACD2-C68AE1DEDF21}.Release|Any CPU.ActiveCfg = Release|Any CPU
		{9322FE53-09D2-4CD9-ACD2-C68AE1DEDF21}.Release|Any CPU.Build.0 = Release|Any CPU
	EndGlobalSection
	GlobalSection(SolutionProperties) = preSolution
		HideSolutionNode = FALSE
	EndGlobalSection
	GlobalSection(NestedProjects) = preSolution
		{AB98F21B-A0DD-40C6-A645-97721BFCF6EC} = {A491CBA7-EF4A-46E9-82C6-4308A7BF8EDD}
		{6C895AFD-5FB3-45AA-905D-875A5D45DD26} = {A491CBA7-EF4A-46E9-82C6-4308A7BF8EDD}
		{4A291878-73F8-4F81-8EE1-E84020EBB05E} = {A491CBA7-EF4A-46E9-82C6-4308A7BF8EDD}
		{9322FE53-09D2-4CD9-ACD2-C68AE1DEDF21} = {3C8BD862-8A37-43A9-AD82-8DB6E5FD60A4}
	EndGlobalSection
	GlobalSection(ExtensibilityGlobals) = postSolution
		SolutionGuid = {658F3FFD-723C-4213-BE9D-7FD69B006455}
	EndGlobalSection
EndGlobal
